
Microsoft Visual Studio Solution File, Format Version 12.00
# Visual Studio Version 17
VisualStudioVersion = 17.11.35312.102
MinimumVisualStudioVersion = 10.0.40219.1
Project("{9A19103F-16F7-4668-BE54-9A1E7A4F7556}") = "BoutiqueWebAppSol.Data", "BoutiqueAppSol\BoutiqueWebAppSol.Data.csproj", "{5EA81381-4F53-412F-B6F6-7356ED5B20D9}"
EndProject
Project("{9A19103F-16F7-4668-BE54-9A1E7A4F7556}") = "BoutiqueWebAppSol.Web", "BoutiqueWebAppSol.Web\BoutiqueWebAppSol.Web.csproj", "{3B13E828-7833-4531-AB56-C25184D82801}"
EndProject
Project("{9A19103F-16F7-4668-BE54-9A1E7A4F7556}") = "BoutiqueWebAppSol.Test", "BoutiqueWebAppSol.Test\BoutiqueWebAppSol.Test.csproj", "{F6443287-760E-4D38-88CC-5F4839F9A0B7}"
EndProject
Global
	GlobalSection(SolutionConfigurationPlatforms) = preSolution
		Debug|Any CPU = Debug|Any CPU
		Release|Any CPU = Release|Any CPU
	EndGlobalSection
	GlobalSection(ProjectConfigurationPlatforms) = postSolution
		{5EA81381-4F53-412F-B6F6-7356ED5B20D9}.Debug|Any CPU.ActiveCfg = Debug|Any CPU
		{5EA81381-4F53-412F-B6F6-7356ED5B20D9}.Debug|Any CPU.Build.0 = Debug|Any CPU
		{5EA81381-4F53-412F-B6F6-7356ED5B20D9}.Release|Any CPU.ActiveCfg = Release|Any CPU
		{5EA81381-4F53-412F-B6F6-7356ED5B20D9}.Release|Any CPU.Build.0 = Release|Any CPU
		{3B13E828-7833-4531-AB56-C25184D82801}.Debug|Any CPU.ActiveCfg = Debug|Any CPU
		{3B13E828-7833-4531-AB56-C25184D82801}.Debug|Any CPU.Build.0 = Debug|Any CPU
		{3B13E828-7833-4531-AB56-C25184D82801}.Release|Any CPU.ActiveCfg = Release|Any CPU
		{3B13E828-7833-4531-AB56-C25184D82801}.Release|Any CPU.Build.0 = Release|Any CPU
		{F6443287-760E-4D38-88CC-5F4839F9A0B7}.Debug|Any CPU.ActiveCfg = Debug|Any CPU
		{F6443287-760E-4D38-88CC-5F4839F9A0B7}.Debug|Any CPU.Build.0 = Debug|Any CPU
		{F6443287-760E-4D38-88CC-5F4839F9A0B7}.Release|Any CPU.ActiveCfg = Release|Any CPU
		{F6443287-760E-4D38-88CC-5F4839F9A0B7}.Release|Any CPU.Build.0 = Release|Any CPU
	EndGlobalSection
	GlobalSection(SolutionProperties) = preSolution
		HideSolutionNode = FALSE
	EndGlobalSection
	GlobalSection(ExtensibilityGlobals) = postSolution
		SolutionGuid = {E3F72FBD-418A-4516-A91F-8EDCFFAA2458}
	EndGlobalSection
EndGlobal
